
Microsoft Visual Studio Solution File, Format Version 12.00
# Visual Studio 14
VisualStudioVersion = 14.0.25420.1
MinimumVisualStudioVersion = 10.0.40219.1
Project("{FAE04EC0-301F-11D3-BF4B-00C04F79EFBC}") = "ShopRelatorios", "ShopRelatorios\ShopRelatorios.csproj", "{9F87E316-5EDA-4E34-8769-3DEEBDEB29EF}"
EndProject
Project("{FAE04EC0-301F-11D3-BF4B-00C04F79EFBC}") = "ShopRelatorios.DAL", "ShopRelatorios.DAL\ShopRelatorios.DAL.csproj", "{CDD9AFB7-D905-4E04-841E-34339777B614}"
EndProject
Global
	GlobalSection(SolutionConfigurationPlatforms) = preSolution
		Debug|Any CPU = Debug|Any CPU
		Release|Any CPU = Release|Any CPU
	EndGlobalSection
	GlobalSection(ProjectConfigurationPlatforms) = postSolution
		{9F87E316-5EDA-4E34-8769-3DEEBDEB29EF}.Debug|Any CPU.ActiveCfg = Debug|Any CPU
		{9F87E316-5EDA-4E34-8769-3DEEBDEB29EF}.Debug|Any CPU.Build.0 = Debug|Any CPU
		{9F87E316-5EDA-4E34-8769-3DEEBDEB29EF}.Release|Any CPU.ActiveCfg = Release|Any CPU
		{9F87E316-5EDA-4E34-8769-3DEEBDEB29EF}.Release|Any CPU.Build.0 = Release|Any CPU
		{CDD9AFB7-D905-4E04-841E-34339777B614}.Debug|Any CPU.ActiveCfg = Debug|Any CPU
		{CDD9AFB7-D905-4E04-841E-34339777B614}.Debug|Any CPU.Build.0 = Debug|Any CPU
		{CDD9AFB7-D905-4E04-841E-34339777B614}.Release|Any CPU.ActiveCfg = Release|Any CPU
		{CDD9AFB7-D905-4E04-841E-34339777B614}.Release|Any CPU.Build.0 = Release|Any CPU
	EndGlobalSection
	GlobalSection(SolutionProperties) = preSolution
		HideSolutionNode = FALSE
	EndGlobalSection
EndGlobal
